// !$*UTF8*$!
{
	archiveVersion = 1;
	classes = {
	};
	objectVersion = 50;
	objects = {

/* Begin PBXBuildFile section */
		3824975B23E28C40002D8EC0 /* AppDelegate.swift in Sources */ = {isa = PBXBuildFile; fileRef = 3824975A23E28C40002D8EC0 /* AppDelegate.swift */; };
		3824975D23E28C40002D8EC0 /* SceneDelegate.swift in Sources */ = {isa = PBXBuildFile; fileRef = 3824975C23E28C40002D8EC0 /* SceneDelegate.swift */; };
		3824976223E28C40002D8EC0 /* Main.storyboard in Resources */ = {isa = PBXBuildFile; fileRef = 3824976023E28C40002D8EC0 /* Main.storyboard */; };
		3824976423E28C41002D8EC0 /* Assets.xcassets in Resources */ = {isa = PBXBuildFile; fileRef = 3824976323E28C41002D8EC0 /* Assets.xcassets */; };
		3824976723E28C41002D8EC0 /* LaunchScreen.storyboard in Resources */ = {isa = PBXBuildFile; fileRef = 3824976523E28C41002D8EC0 /* LaunchScreen.storyboard */; };
		3824977123E28CA9002D8EC0 /* DefinitionViewController.swift in Sources */ = {isa = PBXBuildFile; fileRef = 3824977023E28CA9002D8EC0 /* DefinitionViewController.swift */; };
		3824977323E28D0D002D8EC0 /* WordsTableTableViewController.swift in Sources */ = {isa = PBXBuildFile; fileRef = 3824977223E28D0D002D8EC0 /* WordsTableTableViewController.swift */; };
		3824977623E28D9E002D8EC0 /* VocabularyWord.swift in Sources */ = {isa = PBXBuildFile; fileRef = 3824977523E28D9E002D8EC0 /* VocabularyWord.swift */; };
/* End PBXBuildFile section */

/* Begin PBXFileReference section */
		3824975723E28C40002D8EC0 /* Swift Vocabulary.app */ = {isa = PBXFileReference; explicitFileType = wrapper.application; includeInIndex = 0; path = "Swift Vocabulary.app"; sourceTree = BUILT_PRODUCTS_DIR; };
		3824975A23E28C40002D8EC0 /* AppDelegate.swift */ = {isa = PBXFileReference; lastKnownFileType = sourcecode.swift; path = AppDelegate.swift; sourceTree = "<group>"; };
		3824975C23E28C40002D8EC0 /* SceneDelegate.swift */ = {isa = PBXFileReference; lastKnownFileType = sourcecode.swift; path = SceneDelegate.swift; sourceTree = "<group>"; };
		3824976123E28C40002D8EC0 /* Base */ = {isa = PBXFileReference; lastKnownFileType = file.storyboard; name = Base; path = Base.lproj/Main.storyboard; sourceTree = "<group>"; };
		3824976323E28C41002D8EC0 /* Assets.xcassets */ = {isa = PBXFileReference; lastKnownFileType = folder.assetcatalog; path = Assets.xcassets; sourceTree = "<group>"; };
		3824976623E28C41002D8EC0 /* Base */ = {isa = PBXFileReference; lastKnownFileType = file.storyboard; name = Base; path = Base.lproj/LaunchScreen.storyboard; sourceTree = "<group>"; };
		3824976823E28C41002D8EC0 /* Info.plist */ = {isa = PBXFileReference; lastKnownFileType = text.plist.xml; path = Info.plist; sourceTree = "<group>"; };
		3824977023E28CA9002D8EC0 /* DefinitionViewController.swift */ = {isa = PBXFileReference; lastKnownFileType = sourcecode.swift; path = DefinitionViewController.swift; sourceTree = "<group>"; };
		3824977223E28D0D002D8EC0 /* WordsTableTableViewController.swift */ = {isa = PBXFileReference; lastKnownFileType = sourcecode.swift; path = WordsTableTableViewController.swift; sourceTree = "<group>"; };
		3824977523E28D9E002D8EC0 /* VocabularyWord.swift */ = {isa = PBXFileReference; lastKnownFileType = sourcecode.swift; path = VocabularyWord.swift; sourceTree = "<group>"; };
/* End PBXFileReference section */

/* Begin PBXFrameworksBuildPhase section */
		3824975423E28C40002D8EC0 /* Frameworks */ = {
			isa = PBXFrameworksBuildPhase;
			buildActionMask = 2147483647;
			files = (
			);
			runOnlyForDeploymentPostprocessing = 0;
		};
/* End PBXFrameworksBuildPhase section */

/* Begin PBXGroup section */
		3824974E23E28C40002D8EC0 = {
			isa = PBXGroup;
			children = (
				3824975923E28C40002D8EC0 /* Swift Vocabulary */,
				3824975823E28C40002D8EC0 /* Products */,
			);
			sourceTree = "<group>";
		};
		3824975823E28C40002D8EC0 /* Products */ = {
			isa = PBXGroup;
			children = (
				3824975723E28C40002D8EC0 /* Swift Vocabulary.app */,
			);
			name = Products;
			sourceTree = "<group>";
		};
		3824975923E28C40002D8EC0 /* Swift Vocabulary */ = {
			isa = PBXGroup;
			children = (
				3824977423E28D85002D8EC0 /* Model */,
				3824976F23E28C7D002D8EC0 /* View Controllers */,
				3824976E23E28C73002D8EC0 /* Resources */,
				3824976023E28C40002D8EC0 /* Main.storyboard */,
				3824976823E28C41002D8EC0 /* Info.plist */,
			);
			path = "Swift Vocabulary";
			sourceTree = "<group>";
		};
		3824976E23E28C73002D8EC0 /* Resources */ = {
			isa = PBXGroup;
			children = (
				3824975A23E28C40002D8EC0 /* AppDelegate.swift */,
				3824975C23E28C40002D8EC0 /* SceneDelegate.swift */,
				3824976323E28C41002D8EC0 /* Assets.xcassets */,
				3824976523E28C41002D8EC0 /* LaunchScreen.storyboard */,
			);
			path = Resources;
			sourceTree = "<group>";
		};
		3824976F23E28C7D002D8EC0 /* View Controllers */ = {
			isa = PBXGroup;
			children = (
				3824977023E28CA9002D8EC0 /* DefinitionViewController.swift */,
				3824977223E28D0D002D8EC0 /* WordsTableTableViewController.swift */,
			);
			path = "View Controllers";
			sourceTree = "<group>";
		};
		3824977423E28D85002D8EC0 /* Model */ = {
			isa = PBXGroup;
			children = (
				3824977523E28D9E002D8EC0 /* VocabularyWord.swift */,
			);
			path = Model;
			sourceTree = "<group>";
		};
/* End PBXGroup section */

/* Begin PBXNativeTarget section */
		3824975623E28C40002D8EC0 /* Swift Vocabulary */ = {
			isa = PBXNativeTarget;
			buildConfigurationList = 3824976B23E28C41002D8EC0 /* Build configuration list for PBXNativeTarget "Swift Vocabulary" */;
			buildPhases = (
				3824975323E28C40002D8EC0 /* Sources */,
				3824975423E28C40002D8EC0 /* Frameworks */,
				3824975523E28C40002D8EC0 /* Resources */,
			);
			buildRules = (
			);
			dependencies = (
			);
			name = "Swift Vocabulary";
			productName = "Swift Vocabulary";
			productReference = 3824975723E28C40002D8EC0 /* Swift Vocabulary.app */;
			productType = "com.apple.product-type.application";
		};
/* End PBXNativeTarget section */

/* Begin PBXProject section */
		3824974F23E28C40002D8EC0 /* Project object */ = {
			isa = PBXProject;
			attributes = {
				LastSwiftUpdateCheck = 1130;
				LastUpgradeCheck = 1130;
				ORGANIZATIONNAME = "david williams";
				TargetAttributes = {
					3824975623E28C40002D8EC0 = {
						CreatedOnToolsVersion = 11.3;
					};
				};
			};
			buildConfigurationList = 3824975223E28C40002D8EC0 /* Build configuration list for PBXProject "Swift Vocabulary" */;
			compatibilityVersion = "Xcode 9.3";
			developmentRegion = en;
			hasScannedForEncodings = 0;
			knownRegions = (
				en,
				Base,
			);
			mainGroup = 3824974E23E28C40002D8EC0;
			productRefGroup = 3824975823E28C40002D8EC0 /* Products */;
			projectDirPath = "";
			projectRoot = "";
			targets = (
				3824975623E28C40002D8EC0 /* Swift Vocabulary */,
			);
		};
/* End PBXProject section */

/* Begin PBXResourcesBuildPhase section */
		3824975523E28C40002D8EC0 /* Resources */ = {
			isa = PBXResourcesBuildPhase;
			buildActionMask = 2147483647;
			files = (
				3824976723E28C41002D8EC0 /* LaunchScreen.storyboard in Resources */,
				3824976423E28C41002D8EC0 /* Assets.xcassets in Resources */,
				3824976223E28C40002D8EC0 /* Main.storyboard in Resources */,
			);
			runOnlyForDeploymentPostprocessing = 0;
		};
/* End PBXResourcesBuildPhase section */

/* Begin PBXSourcesBuildPhase section */
		3824975323E28C40002D8EC0 /* Sources */ = {
			isa = PBXSourcesBuildPhase;
			buildActionMask = 2147483647;
			files = (
				3824977323E28D0D002D8EC0 /* WordsTableTableViewController.swift in Sources */,
				3824975B23E28C40002D8EC0 /* AppDelegate.swift in Sources */,
				3824977623E28D9E002D8EC0 /* VocabularyWord.swift in Sources */,
				3824977123E28CA9002D8EC0 /* DefinitionViewController.swift in Sources */,
				3824975D23E28C40002D8EC0 /* SceneDelegate.swift in Sources */,
			);
			runOnlyForDeploymentPostprocessing = 0;
		};
/* End PBXSourcesBuildPhase section */

/* Begin PBXVariantGroup section */
		3824976023E28C40002D8EC0 /* Main.storyboard */ = {
			isa = PBXVariantGroup;
			children = (
				3824976123E28C40002D8EC0 /* Base */,
			);
			name = Main.storyboard;
			sourceTree = "<group>";
		};
		3824976523E28C41002D8EC0 /* LaunchScreen.storyboard */ = {
			isa = PBXVariantGroup;
			children = (
				3824976623E28C41002D8EC0 /* Base */,
			);
			name = LaunchScreen.storyboard;
			sourceTree = "<group>";
		};
/* End PBXVariantGroup section */

/* Begin XCBuildConfiguration section */
		3824976923E28C41002D8EC0 /* Debug */ = {
			isa = XCBuildConfiguration;
			buildSettings = {
				ALWAYS_SEARCH_USER_PATHS = NO;
				CLANG_ANALYZER_NONNULL = YES;
				CLANG_ANALYZER_NUMBER_OBJECT_CONVERSION = YES_AGGRESSIVE;
				CLANG_CXX_LANGUAGE_STANDARD = "gnu++14";
				CLANG_CXX_LIBRARY = "libc++";
				CLANG_ENABLE_MODULES = YES;
				CLANG_ENABLE_OBJC_ARC = YES;
				CLANG_ENABLE_OBJC_WEAK = YES;
				CLANG_WARN_BLOCK_CAPTURE_AUTORELEASING = YES;
				CLANG_WARN_BOOL_CONVERSION = YES;
				CLANG_WARN_COMMA = YES;
				CLANG_WARN_CONSTANT_CONVERSION = YES;
				CLANG_WARN_DEPRECATED_OBJC_IMPLEMENTATIONS = YES;
				CLANG_WARN_DIRECT_OBJC_ISA_USAGE = YES_ERROR;
				CLANG_WARN_DOCUMENTATION_COMMENTS = YES;
				CLANG_WARN_EMPTY_BODY = YES;
				CLANG_WARN_ENUM_CONVERSION = YES;
				CLANG_WARN_INFINITE_RECURSION = YES;
				CLANG_WARN_INT_CONVERSION = YES;
				CLANG_WARN_NON_LITERAL_NULL_CONVERSION = YES;
				CLANG_WARN_OBJC_IMPLICIT_RETAIN_SELF = YES;
				CLANG_WARN_OBJC_LITERAL_CONVERSION = YES;
				CLANG_WARN_OBJC_ROOT_CLASS = YES_ERROR;
				CLANG_WARN_RANGE_LOOP_ANALYSIS = YES;
				CLANG_WARN_STRICT_PROTOTYPES = YES;
				CLANG_WARN_SUSPICIOUS_MOVE = YES;
				CLANG_WARN_UNGUARDED_AVAILABILITY = YES_AGGRESSIVE;
				CLANG_WARN_UNREACHABLE_CODE = YES;
				CLANG_WARN__DUPLICATE_METHOD_MATCH = YES;
				COPY_PHASE_STRIP = NO;
				DEBUG_INFORMATION_FORMAT = dwarf;
				ENABLE_STRICT_OBJC_MSGSEND = YES;
				ENABLE_TESTABILITY = YES;
				GCC_C_LANGUAGE_STANDARD = gnu11;
				GCC_DYNAMIC_NO_PIC = NO;
				GCC_NO_COMMON_BLOCKS = YES;
				GCC_OPTIMIZATION_LEVEL = 0;
				GCC_PREPROCESSOR_DEFINITIONS = (
					"DEBUG=1",
					"$(inherited)",
				);
				GCC_WARN_64_TO_32_BIT_CONVERSION = YES;
				GCC_WARN_ABOUT_RETURN_TYPE = YES_ERROR;
				GCC_WARN_UNDECLARED_SELECTOR = YES;
				GCC_WARN_UNINITIALIZED_AUTOS = YES_AGGRESSIVE;
				GCC_WARN_UNUSED_FUNCTION = YES;
				GCC_WARN_UNUSED_VARIABLE = YES;
				IPHONEOS_DEPLOYMENT_TARGET = 13.2;
				MTL_ENABLE_DEBUG_INFO = INCLUDE_SOURCE;
				MTL_FAST_MATH = YES;
				ONLY_ACTIVE_ARCH = YES;
				SDKROOT = iphoneos;
				SWIFT_ACTIVE_COMPILATION_CONDITIONS = DEBUG;
				SWIFT_OPTIMIZATION_LEVEL = "-Onone";
			};
			name = Debug;
		};
		3824976A23E28C41002D8EC0 /* Release */ = {
			isa = XCBuildConfiguration;
			buildSettings = {
				ALWAYS_SEARCH_USER_PATHS = NO;
				CLANG_ANALYZER_NONNULL = YES;
				CLANG_ANALYZER_NUMBER_OBJECT_CONVERSION = YES_AGGRESSIVE;
				CLANG_CXX_LANGUAGE_STANDARD = "gnu++14";
				CLANG_CXX_LIBRARY = "libc++";
				CLANG_ENABLE_MODULES = YES;
				CLANG_ENABLE_OBJC_ARC = YES;
				CLANG_ENABLE_OBJC_WEAK = YES;
				CLANG_WARN_BLOCK_CAPTURE_AUTORELEASING = YES;
				CLANG_WARN_BOOL_CONVERSION = YES;
				CLANG_WARN_COMMA = YES;
				CLANG_WARN_CONSTANT_CONVERSION = YES;
				CLANG_WARN_DEPRECATED_OBJC_IMPLEMENTATIONS = YES;
				CLANG_WARN_DIRECT_OBJC_ISA_USAGE = YES_ERROR;
				CLANG_WARN_DOCUMENTATION_COMMENTS = YES;
				CLANG_WARN_EMPTY_BODY = YES;
				CLANG_WARN_ENUM_CONVERSION = YES;
				CLANG_WARN_INFINITE_RECURSION = YES;
				CLANG_WARN_INT_CONVERSION = YES;
				CLANG_WARN_NON_LITERAL_NULL_CONVERSION = YES;
				CLANG_WARN_OBJC_IMPLICIT_RETAIN_SELF = YES;
				CLANG_WARN_OBJC_LITERAL_CONVERSION = YES;
				CLANG_WARN_OBJC_ROOT_CLASS = YES_ERROR;
				CLANG_WARN_RANGE_LOOP_ANALYSIS = YES;
				CLANG_WARN_STRICT_PROTOTYPES = YES;
				CLANG_WARN_SUSPICIOUS_MOVE = YES;
				CLANG_WARN_UNGUARDED_AVAILABILITY = YES_AGGRESSIVE;
				CLANG_WARN_UNREACHABLE_CODE = YES;
				CLANG_WARN__DUPLICATE_METHOD_MATCH = YES;
				COPY_PHASE_STRIP = NO;
				DEBUG_INFORMATION_FORMAT = "dwarf-with-dsym";
				ENABLE_NS_ASSERTIONS = NO;
				ENABLE_STRICT_OBJC_MSGSEND = YES;
				GCC_C_LANGUAGE_STANDARD = gnu11;
				GCC_NO_COMMON_BLOCKS = YES;
				GCC_WARN_64_TO_32_BIT_CONVERSION = YES;
				GCC_WARN_ABOUT_RETURN_TYPE = YES_ERROR;
				GCC_WARN_UNDECLARED_SELECTOR = YES;
				GCC_WARN_UNINITIALIZED_AUTOS = YES_AGGRESSIVE;
				GCC_WARN_UNUSED_FUNCTION = YES;
				GCC_WARN_UNUSED_VARIABLE = YES;
				IPHONEOS_DEPLOYMENT_TARGET = 13.2;
				MTL_ENABLE_DEBUG_INFO = NO;
				MTL_FAST_MATH = YES;
				SDKROOT = iphoneos;
				SWIFT_COMPILATION_MODE = wholemodule;
				SWIFT_OPTIMIZATION_LEVEL = "-O";
				VALIDATE_PRODUCT = YES;
			};
			name = Release;
		};
		3824976C23E28C41002D8EC0 /* Debug */ = {
			isa = XCBuildConfiguration;
			buildSettings = {
				ASSETCATALOG_COMPILER_APPICON_NAME = AppIcon;
				CODE_SIGN_STYLE = Automatic;
				DEVELOPMENT_TEAM = 88FS6F8B93;
				INFOPLIST_FILE = "Swift Vocabulary/Info.plist";
				LD_RUNPATH_SEARCH_PATHS = (
					"$(inherited)",
					"@executable_path/Frameworks",
				);
				PRODUCT_BUNDLE_IDENTIFIER = "com.davidWilliams.Swift-Vocabulary";
				PRODUCT_NAME = "$(TARGET_NAME)";
				SWIFT_VERSION = 5.0;
				TARGETED_DEVICE_FAMILY = "1,2";
			};
			name = Debug;
		};
		3824976D23E28C41002D8EC0 /* Release */ = {
			isa = XCBuildConfiguration;
			buildSettings = {
				ASSETCATALOG_COMPILER_APPICON_NAME = AppIcon;
				CODE_SIGN_STYLE = Automatic;
				DEVELOPMENT_TEAM = 88FS6F8B93;
				INFOPLIST_FILE = "Swift Vocabulary/Info.plist";
				LD_RUNPATH_SEARCH_PATHS = (
					"$(inherited)",
					"@executable_path/Frameworks",
				);
				PRODUCT_BUNDLE_IDENTIFIER = "com.davidWilliams.Swift-Vocabulary";
				PRODUCT_NAME = "$(TARGET_NAME)";
				SWIFT_VERSION = 5.0;
				TARGETED_DEVICE_FAMILY = "1,2";
			};
			name = Release;
		};
/* End XCBuildConfiguration section */

/* Begin XCConfigurationList section */
		3824975223E28C40002D8EC0 /* Build configuration list for PBXProject "Swift Vocabulary" */ = {
			isa = XCConfigurationList;
			buildConfigurations = (
				3824976923E28C41002D8EC0 /* Debug */,
				3824976A23E28C41002D8EC0 /* Release */,
			);
			defaultConfigurationIsVisible = 0;
			defaultConfigurationName = Release;
		};
		3824976B23E28C41002D8EC0 /* Build configuration list for PBXNativeTarget "Swift Vocabulary" */ = {
			isa = XCConfigurationList;
			buildConfigurations = (
				3824976C23E28C41002D8EC0 /* Debug */,
				3824976D23E28C41002D8EC0 /* Release */,
			);
			defaultConfigurationIsVisible = 0;
			defaultConfigurationName = Release;
		};
/* End XCConfigurationList section */
	};
	rootObject = 3824974F23E28C40002D8EC0 /* Project object */;
}
